// !$*UTF8*$!
{
	archiveVersion = 1;
	classes = {
	};
	objectVersion = 46;
	objects = {

/* Begin PBXBuildFile section */
		29F3C8D888C75442715D1931 /* libPods-TXUIKitPro.a in Frameworks */ = {isa = PBXBuildFile; fileRef = 284D9AD381928C6AE8C73020 /* libPods-TXUIKitPro.a */; };
		40DB60C4246EE9230048A805 /* main.m in Sources */ = {isa = PBXBuildFile; fileRef = 40DB60C3246EE9230048A805 /* main.m */; };
		40DB60E3246EEBBB0048A805 /* TXUIKit.podspec in Resources */ = {isa = PBXBuildFile; fileRef = 40DB60E2246EEBBB0048A805 /* TXUIKit.podspec */; };
		40EF04072472EDD300D248B7 /* Assets.xcassets in Resources */ = {isa = PBXBuildFile; fileRef = 40EF04042472EDD300D248B7 /* Assets.xcassets */; };
		40EF04082472EDD300D248B7 /* MainItems.plist in Resources */ = {isa = PBXBuildFile; fileRef = 40EF04062472EDD300D248B7 /* MainItems.plist */; };
		40EF040C2472EDE400D248B7 /* TXSearchBar.m in Sources */ = {isa = PBXBuildFile; fileRef = 40EF040B2472EDE400D248B7 /* TXSearchBar.m */; };
		40EF04112472F2B300D248B7 /* UISearchBar+TXEvent.m in Sources */ = {isa = PBXBuildFile; fileRef = 40EF04102472F2B300D248B7 /* UISearchBar+TXEvent.m */; };
		E903CBD324722B900094A53F /* AppDelegate.m in Sources */ = {isa = PBXBuildFile; fileRef = E903CBD224722B900094A53F /* AppDelegate.m */; };
		E903CBDA24722C9D0094A53F /* MainPageVC.m in Sources */ = {isa = PBXBuildFile; fileRef = E903CBD924722C9D0094A53F /* MainPageVC.m */; };
		E903CBDE24722DDC0094A53F /* LaunchScreen.storyboard in Resources */ = {isa = PBXBuildFile; fileRef = E903CBDD24722DDC0094A53F /* LaunchScreen.storyboard */; };
		E903CBE124722E8B0094A53F /* SearchBarVC.m in Sources */ = {isa = PBXBuildFile; fileRef = E903CBE024722E8B0094A53F /* SearchBarVC.m */; };
/* End PBXBuildFile section */

/* Begin PBXFileReference section */
		284D9AD381928C6AE8C73020 /* libPods-TXUIKitPro.a */ = {isa = PBXFileReference; explicitFileType = archive.ar; includeInIndex = 0; path = "libPods-TXUIKitPro.a"; sourceTree = BUILT_PRODUCTS_DIR; };
		40DB60BF246EE9230048A805 /* TXUIKitPro.app */ = {isa = PBXFileReference; explicitFileType = wrapper.application; includeInIndex = 0; path = TXUIKitPro.app; sourceTree = BUILT_PRODUCTS_DIR; };
		40DB60C3246EE9230048A805 /* main.m */ = {isa = PBXFileReference; lastKnownFileType = sourcecode.c.objc; path = main.m; sourceTree = "<group>"; };
		40DB60D3246EE9230048A805 /* Info.plist */ = {isa = PBXFileReference; lastKnownFileType = text.plist.xml; path = Info.plist; sourceTree = "<group>"; };
		40DB60E2246EEBBB0048A805 /* TXUIKit.podspec */ = {isa = PBXFileReference; fileEncoding = 4; lastKnownFileType = text; name = TXUIKit.podspec; path = ../TXUIKit.podspec; sourceTree = "<group>"; };
		40EF04042472EDD300D248B7 /* Assets.xcassets */ = {isa = PBXFileReference; lastKnownFileType = folder.assetcatalog; path = Assets.xcassets; sourceTree = "<group>"; };
		40EF04062472EDD300D248B7 /* MainItems.plist */ = {isa = PBXFileReference; fileEncoding = 4; lastKnownFileType = text.plist.xml; path = MainItems.plist; sourceTree = "<group>"; };
		40EF040A2472EDE400D248B7 /* TXSearchBar.h */ = {isa = PBXFileReference; fileEncoding = 4; lastKnownFileType = sourcecode.c.h; path = TXSearchBar.h; sourceTree = "<group>"; };
		40EF040B2472EDE400D248B7 /* TXSearchBar.m */ = {isa = PBXFileReference; fileEncoding = 4; lastKnownFileType = sourcecode.c.objc; path = TXSearchBar.m; sourceTree = "<group>"; };
		40EF040E2472EE5E00D248B7 /* PrefixHeader.pch */ = {isa = PBXFileReference; fileEncoding = 4; lastKnownFileType = sourcecode.c.h; path = PrefixHeader.pch; sourceTree = "<group>"; };
		40EF040F2472F2B300D248B7 /* UISearchBar+TXEvent.h */ = {isa = PBXFileReference; fileEncoding = 4; lastKnownFileType = sourcecode.c.h; path = "UISearchBar+TXEvent.h"; sourceTree = "<group>"; };
		40EF04102472F2B300D248B7 /* UISearchBar+TXEvent.m */ = {isa = PBXFileReference; fileEncoding = 4; lastKnownFileType = sourcecode.c.objc; path = "UISearchBar+TXEvent.m"; sourceTree = "<group>"; };
		40EF04132472F3A800D248B7 /* TXSearchBarDefines.h */ = {isa = PBXFileReference; lastKnownFileType = sourcecode.c.h; path = TXSearchBarDefines.h; sourceTree = "<group>"; };
		693005CA5866DD5EF57CE475 /* Pods-TXUIKitPro.debug.xcconfig */ = {isa = PBXFileReference; includeInIndex = 1; lastKnownFileType = text.xcconfig; name = "Pods-TXUIKitPro.debug.xcconfig"; path = "Pods/Target Support Files/Pods-TXUIKitPro/Pods-TXUIKitPro.debug.xcconfig"; sourceTree = "<group>"; };
		E3FC994A411B8AAFDCDF2504 /* Pods-TXUIKitPro.release.xcconfig */ = {isa = PBXFileReference; includeInIndex = 1; lastKnownFileType = text.xcconfig; name = "Pods-TXUIKitPro.release.xcconfig"; path = "Pods/Target Support Files/Pods-TXUIKitPro/Pods-TXUIKitPro.release.xcconfig"; sourceTree = "<group>"; };
		E903CBD124722B900094A53F /* AppDelegate.h */ = {isa = PBXFileReference; fileEncoding = 4; lastKnownFileType = sourcecode.c.h; path = AppDelegate.h; sourceTree = "<group>"; };
		E903CBD224722B900094A53F /* AppDelegate.m */ = {isa = PBXFileReference; fileEncoding = 4; lastKnownFileType = sourcecode.c.objc; path = AppDelegate.m; sourceTree = "<group>"; };
		E903CBD824722C9D0094A53F /* MainPageVC.h */ = {isa = PBXFileReference; lastKnownFileType = sourcecode.c.h; path = MainPageVC.h; sourceTree = "<group>"; };
		E903CBD924722C9D0094A53F /* MainPageVC.m */ = {isa = PBXFileReference; lastKnownFileType = sourcecode.c.objc; path = MainPageVC.m; sourceTree = "<group>"; };
		E903CBDD24722DDC0094A53F /* LaunchScreen.storyboard */ = {isa = PBXFileReference; fileEncoding = 4; lastKnownFileType = file.storyboard; path = LaunchScreen.storyboard; sourceTree = "<group>"; };
		E903CBDF24722E8B0094A53F /* SearchBarVC.h */ = {isa = PBXFileReference; lastKnownFileType = sourcecode.c.h; path = SearchBarVC.h; sourceTree = "<group>"; };
		E903CBE024722E8B0094A53F /* SearchBarVC.m */ = {isa = PBXFileReference; lastKnownFileType = sourcecode.c.objc; path = SearchBarVC.m; sourceTree = "<group>"; };
/* End PBXFileReference section */

/* Begin PBXFrameworksBuildPhase section */
		40DB60BC246EE9220048A805 /* Frameworks */ = {
			isa = PBXFrameworksBuildPhase;
			buildActionMask = 2147483647;
			files = (
				29F3C8D888C75442715D1931 /* libPods-TXUIKitPro.a in Frameworks */,
			);
			runOnlyForDeploymentPostprocessing = 0;
		};
/* End PBXFrameworksBuildPhase section */

/* Begin PBXGroup section */
		40DB60B6246EE9220048A805 = {
			isa = PBXGroup;
			children = (
				40DB60C1246EE9230048A805 /* TXUIKitPro */,
				40DB60C0246EE9230048A805 /* Products */,
				6B0834BAD460615B1BAAF667 /* Pods */,
				9D406D62BCE5813A4EE4C02D /* Frameworks */,
			);
			sourceTree = "<group>";
		};
		40DB60C0246EE9230048A805 /* Products */ = {
			isa = PBXGroup;
			children = (
				40DB60BF246EE9230048A805 /* TXUIKitPro.app */,
			);
			name = Products;
			sourceTree = "<group>";
		};
		40DB60C1246EE9230048A805 /* TXUIKitPro */ = {
			isa = PBXGroup;
			children = (
				40DB60D9246EE9650048A805 /* TXUIKit */,
				40EF040D2472EE5E00D248B7 /* Global */,
				E903CBD024722B900094A53F /* AppDelegate */,
				E903CBCF24722B4F0094A53F /* Modules */,
				E903CBCE24722B4F0094A53F /* Resources */,
				40DB60D3246EE9230048A805 /* Info.plist */,
				40DB60C2246EE9230048A805 /* Supporting Files */,
				E903CBDD24722DDC0094A53F /* LaunchScreen.storyboard */,
			);
			path = TXUIKitPro;
			sourceTree = "<group>";
		};
		40DB60C2246EE9230048A805 /* Supporting Files */ = {
			isa = PBXGroup;
			children = (
				40DB60C3246EE9230048A805 /* main.m */,
			);
			name = "Supporting Files";
			sourceTree = "<group>";
		};
		40DB60D9246EE9650048A805 /* TXUIKit */ = {
			isa = PBXGroup;
			children = (
				40DB60E2246EEBBB0048A805 /* TXUIKit.podspec */,
				40DB60DA246EE9650048A805 /* Assets */,
				40DB60DC246EE9650048A805 /* Classes */,
			);
			name = TXUIKit;
			path = ../../TXUIKit;
			sourceTree = "<group>";
		};
		40DB60DA246EE9650048A805 /* Assets */ = {
			isa = PBXGroup;
			children = (
			);
			path = Assets;
			sourceTree = "<group>";
		};
		40DB60DC246EE9650048A805 /* Classes */ = {
			isa = PBXGroup;
			children = (
				40EF04092472EDE400D248B7 /* TXSearchBar */,
			);
			path = Classes;
			sourceTree = "<group>";
		};
		40EF04032472EDD300D248B7 /* Images */ = {
			isa = PBXGroup;
			children = (
				40EF04042472EDD300D248B7 /* Assets.xcassets */,
			);
			path = Images;
			sourceTree = "<group>";
		};
		40EF04052472EDD300D248B7 /* Plist */ = {
			isa = PBXGroup;
			children = (
				40EF04062472EDD300D248B7 /* MainItems.plist */,
			);
			path = Plist;
			sourceTree = "<group>";
		};
		40EF04092472EDE400D248B7 /* TXSearchBar */ = {
			isa = PBXGroup;
			children = (
				40EF04132472F3A800D248B7 /* TXSearchBarDefines.h */,
				40EF040A2472EDE400D248B7 /* TXSearchBar.h */,
				40EF040B2472EDE400D248B7 /* TXSearchBar.m */,
				40EF040F2472F2B300D248B7 /* UISearchBar+TXEvent.h */,
				40EF04102472F2B300D248B7 /* UISearchBar+TXEvent.m */,
			);
			path = TXSearchBar;
			sourceTree = "<group>";
		};
		40EF040D2472EE5E00D248B7 /* Global */ = {
			isa = PBXGroup;
			children = (
				40EF040E2472EE5E00D248B7 /* PrefixHeader.pch */,
			);
			path = Global;
			sourceTree = "<group>";
		};
		6B0834BAD460615B1BAAF667 /* Pods */ = {
			isa = PBXGroup;
			children = (
				693005CA5866DD5EF57CE475 /* Pods-TXUIKitPro.debug.xcconfig */,
				E3FC994A411B8AAFDCDF2504 /* Pods-TXUIKitPro.release.xcconfig */,
			);
			name = Pods;
			sourceTree = "<group>";
		};
		9D406D62BCE5813A4EE4C02D /* Frameworks */ = {
			isa = PBXGroup;
			children = (
				284D9AD381928C6AE8C73020 /* libPods-TXUIKitPro.a */,
			);
			name = Frameworks;
			sourceTree = "<group>";
		};
		E903CBCE24722B4F0094A53F /* Resources */ = {
			isa = PBXGroup;
			children = (
				40EF04052472EDD300D248B7 /* Plist */,
				40EF04032472EDD300D248B7 /* Images */,
			);
			path = Resources;
			sourceTree = "<group>";
		};
		E903CBCF24722B4F0094A53F /* Modules */ = {
			isa = PBXGroup;
			children = (
				E903CBD624722C420094A53F /* Main */,
				E903CBD724722C420094A53F /* SearchBar */,
			);
			path = Modules;
			sourceTree = "<group>";
		};
		E903CBD024722B900094A53F /* AppDelegate */ = {
			isa = PBXGroup;
			children = (
				E903CBD124722B900094A53F /* AppDelegate.h */,
				E903CBD224722B900094A53F /* AppDelegate.m */,
			);
			path = AppDelegate;
			sourceTree = "<group>";
		};
		E903CBD624722C420094A53F /* Main */ = {
			isa = PBXGroup;
			children = (
				E903CBD824722C9D0094A53F /* MainPageVC.h */,
				E903CBD924722C9D0094A53F /* MainPageVC.m */,
			);
			path = Main;
			sourceTree = "<group>";
		};
		E903CBD724722C420094A53F /* SearchBar */ = {
			isa = PBXGroup;
			children = (
				E903CBDF24722E8B0094A53F /* SearchBarVC.h */,
				E903CBE024722E8B0094A53F /* SearchBarVC.m */,
			);
			path = SearchBar;
			sourceTree = "<group>";
		};
/* End PBXGroup section */

/* Begin PBXNativeTarget section */
		40DB60BE246EE9220048A805 /* TXUIKitPro */ = {
			isa = PBXNativeTarget;
			buildConfigurationList = 40DB60D6246EE9230048A805 /* Build configuration list for PBXNativeTarget "TXUIKitPro" */;
			buildPhases = (
				773B1E68E6865718C6334CD7 /* [CP] Check Pods Manifest.lock */,
				40DB60BB246EE9220048A805 /* Sources */,
				40DB60BC246EE9220048A805 /* Frameworks */,
				40DB60BD246EE9220048A805 /* Resources */,
			);
			buildRules = (
			);
			dependencies = (
			);
			name = TXUIKitPro;
			productName = TXUIKitPro;
			productReference = 40DB60BF246EE9230048A805 /* TXUIKitPro.app */;
			productType = "com.apple.product-type.application";
		};
/* End PBXNativeTarget section */

/* Begin PBXProject section */
		40DB60B7246EE9220048A805 /* Project object */ = {
			isa = PBXProject;
			attributes = {
				LastUpgradeCheck = 0810;
				ORGANIZATIONNAME = wenqinglin;
				TargetAttributes = {
					40DB60BE246EE9220048A805 = {
						CreatedOnToolsVersion = 8.1;
						DevelopmentTeam = 36778GXUGM;
						ProvisioningStyle = Automatic;
					};
				};
			};
			buildConfigurationList = 40DB60BA246EE9220048A805 /* Build configuration list for PBXProject "TXUIKitPro" */;
			compatibilityVersion = "Xcode 3.2";
			developmentRegion = English;
			hasScannedForEncodings = 0;
			knownRegions = (
				English,
				en,
				Base,
			);
			mainGroup = 40DB60B6246EE9220048A805;
			productRefGroup = 40DB60C0246EE9230048A805 /* Products */;
			projectDirPath = "";
			projectRoot = "";
			targets = (
				40DB60BE246EE9220048A805 /* TXUIKitPro */,
			);
		};
/* End PBXProject section */

/* Begin PBXResourcesBuildPhase section */
		40DB60BD246EE9220048A805 /* Resources */ = {
			isa = PBXResourcesBuildPhase;
			buildActionMask = 2147483647;
			files = (
				40EF04082472EDD300D248B7 /* MainItems.plist in Resources */,
				E903CBDE24722DDC0094A53F /* LaunchScreen.storyboard in Resources */,
				40EF04072472EDD300D248B7 /* Assets.xcassets in Resources */,
				40DB60E3246EEBBB0048A805 /* TXUIKit.podspec in Resources */,
			);
			runOnlyForDeploymentPostprocessing = 0;
		};
/* End PBXResourcesBuildPhase section */

/* Begin PBXShellScriptBuildPhase section */
		773B1E68E6865718C6334CD7 /* [CP] Check Pods Manifest.lock */ = {
			isa = PBXShellScriptBuildPhase;
			buildActionMask = 2147483647;
			files = (
			);
			inputPaths = (
				"${PODS_PODFILE_DIR_PATH}/Podfile.lock",
				"${PODS_ROOT}/Manifest.lock",
			);
			name = "[CP] Check Pods Manifest.lock";
			outputPaths = (
				"$(DERIVED_FILE_DIR)/Pods-TXUIKitPro-checkManifestLockResult.txt",
			);
			runOnlyForDeploymentPostprocessing = 0;
			shellPath = /bin/sh;
			shellScript = "diff \"${PODS_PODFILE_DIR_PATH}/Podfile.lock\" \"${PODS_ROOT}/Manifest.lock\" > /dev/null\nif [ $? != 0 ] ; then\n    # print error to STDERR\n    echo \"error: The sandbox is not in sync with the Podfile.lock. Run 'pod install' or update your CocoaPods installation.\" >&2\n    exit 1\nfi\n# This output is used by Xcode 'outputs' to avoid re-running this script phase.\necho \"SUCCESS\" > \"${SCRIPT_OUTPUT_FILE_0}\"\n";
			showEnvVarsInLog = 0;
		};
/* End PBXShellScriptBuildPhase section */

/* Begin PBXSourcesBuildPhase section */
		40DB60BB246EE9220048A805 /* Sources */ = {
			isa = PBXSourcesBuildPhase;
			buildActionMask = 2147483647;
			files = (
				40EF04112472F2B300D248B7 /* UISearchBar+TXEvent.m in Sources */,
				E903CBD324722B900094A53F /* AppDelegate.m in Sources */,
				40EF040C2472EDE400D248B7 /* TXSearchBar.m in Sources */,
				40DB60C4246EE9230048A805 /* main.m in Sources */,
				E903CBDA24722C9D0094A53F /* MainPageVC.m in Sources */,
				E903CBE124722E8B0094A53F /* SearchBarVC.m in Sources */,
			);
			runOnlyForDeploymentPostprocessing = 0;
		};
/* End PBXSourcesBuildPhase section */

/* Begin XCBuildConfiguration section */
		40DB60D4246EE9230048A805 /* Debug */ = {
			isa = XCBuildConfiguration;
			buildSettings = {
				ALWAYS_SEARCH_USER_PATHS = NO;
				CLANG_ANALYZER_NONNULL = YES;
				CLANG_CXX_LANGUAGE_STANDARD = "gnu++0x";
				CLANG_CXX_LIBRARY = "libc++";
				CLANG_ENABLE_MODULES = YES;
				CLANG_ENABLE_OBJC_ARC = YES;
				CLANG_WARN_BOOL_CONVERSION = YES;
				CLANG_WARN_CONSTANT_CONVERSION = YES;
				CLANG_WARN_DIRECT_OBJC_ISA_USAGE = YES_ERROR;
				CLANG_WARN_DOCUMENTATION_COMMENTS = YES;
				CLANG_WARN_EMPTY_BODY = YES;
				CLANG_WARN_ENUM_CONVERSION = YES;
				CLANG_WARN_INFINITE_RECURSION = YES;
				CLANG_WARN_INT_CONVERSION = YES;
				CLANG_WARN_OBJC_ROOT_CLASS = YES_ERROR;
				CLANG_WARN_SUSPICIOUS_MOVES = YES;
				CLANG_WARN_UNREACHABLE_CODE = YES;
				CLANG_WARN__DUPLICATE_METHOD_MATCH = YES;
				"CODE_SIGN_IDENTITY[sdk=iphoneos*]" = "iPhone Developer";
				COPY_PHASE_STRIP = NO;
				DEBUG_INFORMATION_FORMAT = dwarf;
				ENABLE_STRICT_OBJC_MSGSEND = YES;
				ENABLE_TESTABILITY = YES;
				GCC_C_LANGUAGE_STANDARD = gnu99;
				GCC_DYNAMIC_NO_PIC = NO;
				GCC_NO_COMMON_BLOCKS = YES;
				GCC_OPTIMIZATION_LEVEL = 0;
				GCC_PREPROCESSOR_DEFINITIONS = (
					"DEBUG=1",
					"$(inherited)",
				);
				GCC_WARN_64_TO_32_BIT_CONVERSION = YES;
				GCC_WARN_ABOUT_RETURN_TYPE = YES_ERROR;
				GCC_WARN_UNDECLARED_SELECTOR = YES;
				GCC_WARN_UNINITIALIZED_AUTOS = YES_AGGRESSIVE;
				GCC_WARN_UNUSED_FUNCTION = YES;
				GCC_WARN_UNUSED_VARIABLE = YES;
				IPHONEOS_DEPLOYMENT_TARGET = 10.1;
				MTL_ENABLE_DEBUG_INFO = YES;
				ONLY_ACTIVE_ARCH = YES;
				SDKROOT = iphoneos;
			};
			name = Debug;
		};
		40DB60D5246EE9230048A805 /* Release */ = {
			isa = XCBuildConfiguration;
			buildSettings = {
				ALWAYS_SEARCH_USER_PATHS = NO;
				CLANG_ANALYZER_NONNULL = YES;
				CLANG_CXX_LANGUAGE_STANDARD = "gnu++0x";
				CLANG_CXX_LIBRARY = "libc++";
				CLANG_ENABLE_MODULES = YES;
				CLANG_ENABLE_OBJC_ARC = YES;
				CLANG_WARN_BOOL_CONVERSION = YES;
				CLANG_WARN_CONSTANT_CONVERSION = YES;
				CLANG_WARN_DIRECT_OBJC_ISA_USAGE = YES_ERROR;
				CLANG_WARN_DOCUMENTATION_COMMENTS = YES;
				CLANG_WARN_EMPTY_BODY = YES;
				CLANG_WARN_ENUM_CONVERSION = YES;
				CLANG_WARN_INFINITE_RECURSION = YES;
				CLANG_WARN_INT_CONVERSION = YES;
				CLANG_WARN_OBJC_ROOT_CLASS = YES_ERROR;
				CLANG_WARN_SUSPICIOUS_MOVES = YES;
				CLANG_WARN_UNREACHABLE_CODE = YES;
				CLANG_WARN__DUPLICATE_METHOD_MATCH = YES;
				"CODE_SIGN_IDENTITY[sdk=iphoneos*]" = "iPhone Developer";
				COPY_PHASE_STRIP = NO;
				DEBUG_INFORMATION_FORMAT = "dwarf-with-dsym";
				ENABLE_NS_ASSERTIONS = NO;
				ENABLE_STRICT_OBJC_MSGSEND = YES;
				GCC_C_LANGUAGE_STANDARD = gnu99;
				GCC_NO_COMMON_BLOCKS = YES;
				GCC_WARN_64_TO_32_BIT_CONVERSION = YES;
				GCC_WARN_ABOUT_RETURN_TYPE = YES_ERROR;
				GCC_WARN_UNDECLARED_SELECTOR = YES;
				GCC_WARN_UNINITIALIZED_AUTOS = YES_AGGRESSIVE;
				GCC_WARN_UNUSED_FUNCTION = YES;
				GCC_WARN_UNUSED_VARIABLE = YES;
				IPHONEOS_DEPLOYMENT_TARGET = 10.1;
				MTL_ENABLE_DEBUG_INFO = NO;
				SDKROOT = iphoneos;
				VALIDATE_PRODUCT = YES;
			};
			name = Release;
		};
		40DB60D7246EE9230048A805 /* Debug */ = {
			isa = XCBuildConfiguration;
			baseConfigurationReference = 693005CA5866DD5EF57CE475 /* Pods-TXUIKitPro.debug.xcconfig */;
			buildSettings = {
				ASSETCATALOG_COMPILER_APPICON_NAME = AppIcon;
				DEVELOPMENT_TEAM = 36778GXUGM;
				GCC_PREFIX_HEADER = TXUIKitPro/Global/PrefixHeader.pch;
				INFOPLIST_FILE = TXUIKitPro/Info.plist;
				LD_RUNPATH_SEARCH_PATHS = "$(inherited) @executable_path/Frameworks";
				PRODUCT_BUNDLE_IDENTIFIER = TX.TXUIKitPro;
				PRODUCT_NAME = "$(TARGET_NAME)";
			};
			name = Debug;
		};
		40DB60D8246EE9230048A805 /* Release */ = {
			isa = XCBuildConfiguration;
			baseConfigurationReference = E3FC994A411B8AAFDCDF2504 /* Pods-TXUIKitPro.release.xcconfig */;
			buildSettings = {
				ASSETCATALOG_COMPILER_APPICON_NAME = AppIcon;
				DEVELOPMENT_TEAM = 36778GXUGM;
				GCC_PREFIX_HEADER = TXUIKitPro/Global/PrefixHeader.pch;
				INFOPLIST_FILE = TXUIKitPro/Info.plist;
				LD_RUNPATH_SEARCH_PATHS = "$(inherited) @executable_path/Frameworks";
				PRODUCT_BUNDLE_IDENTIFIER = TX.TXUIKitPro;
				PRODUCT_NAME = "$(TARGET_NAME)";
			};
			name = Release;
		};
/* End XCBuildConfiguration section */

/* Begin XCConfigurationList section */
		40DB60BA246EE9220048A805 /* Build configuration list for PBXProject "TXUIKitPro" */ = {
			isa = XCConfigurationList;
			buildConfigurations = (
				40DB60D4246EE9230048A805 /* Debug */,
				40DB60D5246EE9230048A805 /* Release */,
			);
			defaultConfigurationIsVisible = 0;
			defaultConfigurationName = Release;
		};
		40DB60D6246EE9230048A805 /* Build configuration list for PBXNativeTarget "TXUIKitPro" */ = {
			isa = XCConfigurationList;
			buildConfigurations = (
				40DB60D7246EE9230048A805 /* Debug */,
				40DB60D8246EE9230048A805 /* Release */,
			);
			defaultConfigurationIsVisible = 0;
			defaultConfigurationName = Release;
		};
/* End XCConfigurationList section */
	};
	rootObject = 40DB60B7246EE9220048A805 /* Project object */;
}
